
Microsoft Visual Studio Solution File, Format Version 12.00
# Visual Studio 15
VisualStudioVersion = 15.0.28010.2003
MinimumVisualStudioVersion = 10.0.40219.1
Project("{8BC9CEB8-8B4A-11D0-8D11-00A0C91BC942}") = "Leksion1", "Leksion1\Leksion1.vcxproj", "{883FBFE7-1A12-4F67-A9D5-13C41EA90348}"
EndProject
Global
	GlobalSection(SolutionConfigurationPlatforms) = preSolution
		Debug|x64 = Debug|x64
		Debug|x86 = Debug|x86
		Release|x64 = Release|x64
		Release|x86 = Release|x86
	EndGlobalSection
	GlobalSection(ProjectConfigurationPlatforms) = postSolution
		{883FBFE7-1A12-4F67-A9D5-13C41EA90348}.Debug|x64.ActiveCfg = Debug|x64
		{883FBFE7-1A12-4F67-A9D5-13C41EA90348}.Debug|x64.Build.0 = Debug|x64
		{883FBFE7-1A12-4F67-A9D5-13C41EA90348}.Debug|x86.ActiveCfg = Debug|Win32
		{883FBFE7-1A12-4F67-A9D5-13C41EA90348}.Debug|x86.Build.0 = Debug|Win32
		{883FBFE7-1A12-4F67-A9D5-13C41EA90348}.Release|x64.ActiveCfg = Release|x64
		{883FBFE7-1A12-4F67-A9D5-13C41EA90348}.Release|x64.Build.0 = Release|x64
		{883FBFE7-1A12-4F67-A9D5-13C41EA90348}.Release|x86.ActiveCfg = Release|Win32
		{883FBFE7-1A12-4F67-A9D5-13C41EA90348}.Release|x86.Build.0 = Release|Win32
	EndGlobalSection
	GlobalSection(SolutionProperties) = preSolution
		HideSolutionNode = FALSE
	EndGlobalSection
	GlobalSection(ExtensibilityGlobals) = postSolution
		SolutionGuid = {CEC03D58-01EE-4D18-A02B-7BD045969C9C}
	EndGlobalSection
EndGlobal
